
Microsoft Visual Studio Solution File, Format Version 12.00
# Visual Studio Version 16
VisualStudioVersion = 16.0.30330.147
MinimumVisualStudioVersion = 10.0.40219.1
Project("{FAE04EC0-301F-11D3-BF4B-00C04F79EFBC}") = "Client", "Client\Client.csproj", "{23C31CDF-772D-4E1B-93DD-6230E892032A}"
EndProject
Project("{FAE04EC0-301F-11D3-BF4B-00C04F79EFBC}") = "Server", "Server\Server.csproj", "{FBFE53B4-3546-4946-A949-863D8A337ABC}"
EndProject
Global
	GlobalSection(SolutionConfigurationPlatforms) = preSolution
		Debug|Any CPU = Debug|Any CPU
		Release|Any CPU = Release|Any CPU
	EndGlobalSection
	GlobalSection(ProjectConfigurationPlatforms) = postSolution
		{23C31CDF-772D-4E1B-93DD-6230E892032A}.Debug|Any CPU.ActiveCfg = Debug|Any CPU
		{23C31CDF-772D-4E1B-93DD-6230E892032A}.Debug|Any CPU.Build.0 = Debug|Any CPU
		{23C31CDF-772D-4E1B-93DD-6230E892032A}.Release|Any CPU.ActiveCfg = Release|Any CPU
		{23C31CDF-772D-4E1B-93DD-6230E892032A}.Release|Any CPU.Build.0 = Release|Any CPU
		{FBFE53B4-3546-4946-A949-863D8A337ABC}.Debug|Any CPU.ActiveCfg = Debug|Any CPU
		{FBFE53B4-3546-4946-A949-863D8A337ABC}.Debug|Any CPU.Build.0 = Debug|Any CPU
		{FBFE53B4-3546-4946-A949-863D8A337ABC}.Release|Any CPU.ActiveCfg = Release|Any CPU
		{FBFE53B4-3546-4946-A949-863D8A337ABC}.Release|Any CPU.Build.0 = Release|Any CPU
	EndGlobalSection
	GlobalSection(SolutionProperties) = preSolution
		HideSolutionNode = FALSE
	EndGlobalSection
	GlobalSection(ExtensibilityGlobals) = postSolution
		SolutionGuid = {83E1A759-F401-4B0E-A5BD-2216E57E2527}
	EndGlobalSection
EndGlobal
